// !$*UTF8*$!
{
	archiveVersion = 1;
	classes = {
	};
	objectVersion = 50;
	objects = {

/* Begin PBXBuildFile section */
		F621C44825C5264D00843346 /* Presentation.framework in Frameworks */ = {isa = PBXBuildFile; fileRef = F621C44725C5264D00843346 /* Presentation.framework */; };
		F621C46825C526C400843346 /* Data.framework in Frameworks */ = {isa = PBXBuildFile; fileRef = F621C46725C526C400843346 /* Data.framework */; };
		F68037A625C51C3C00E32EBB /* AppDelegate.swift in Sources */ = {isa = PBXBuildFile; fileRef = F68037A525C51C3C00E32EBB /* AppDelegate.swift */; };
		F68037AA25C51C3C00E32EBB /* MovieListViewController.swift in Sources */ = {isa = PBXBuildFile; fileRef = F68037A925C51C3C00E32EBB /* MovieListViewController.swift */; };
		F68037AD25C51C3C00E32EBB /* Main.storyboard in Resources */ = {isa = PBXBuildFile; fileRef = F68037AB25C51C3C00E32EBB /* Main.storyboard */; };
		F68037AF25C51C4000E32EBB /* Assets.xcassets in Resources */ = {isa = PBXBuildFile; fileRef = F68037AE25C51C4000E32EBB /* Assets.xcassets */; };
		F68037B225C51C4000E32EBB /* LaunchScreen.storyboard in Resources */ = {isa = PBXBuildFile; fileRef = F68037B025C51C4000E32EBB /* LaunchScreen.storyboard */; };
		F695637225C5A6F700EE93F2 /* MovieDetailViewController.swift in Sources */ = {isa = PBXBuildFile; fileRef = F695637125C5A6F700EE93F2 /* MovieDetailViewController.swift */; };
		F695637725C5AED600EE93F2 /* MovieDetailViewModel.swift in Sources */ = {isa = PBXBuildFile; fileRef = F695637625C5AED600EE93F2 /* MovieDetailViewModel.swift */; };
		F69798E825C535D500953AEF /* Resources.bundle in Resources */ = {isa = PBXBuildFile; fileRef = F69798E725C535D500953AEF /* Resources.bundle */; };
		F6AFB5BA25C5249E00D28AA6 /* Core.framework in Frameworks */ = {isa = PBXBuildFile; fileRef = F6AFB5B925C5249E00D28AA6 /* Core.framework */; };
		F6E0524F25C58820008F0195 /* MovieCell.swift in Sources */ = {isa = PBXBuildFile; fileRef = F6E0524D25C58820008F0195 /* MovieCell.swift */; };
		F6E0525025C58820008F0195 /* MovieCell.xib in Resources */ = {isa = PBXBuildFile; fileRef = F6E0524E25C58820008F0195 /* MovieCell.xib */; };
		F6E0525825C58B78008F0195 /* MovieListViewModel.swift in Sources */ = {isa = PBXBuildFile; fileRef = F6E0525725C58B78008F0195 /* MovieListViewModel.swift */; };
/* End PBXBuildFile section */

/* Begin PBXFileReference section */
		F621C44725C5264D00843346 /* Presentation.framework */ = {isa = PBXFileReference; explicitFileType = wrapper.framework; path = Presentation.framework; sourceTree = BUILT_PRODUCTS_DIR; };
		F621C46725C526C400843346 /* Data.framework */ = {isa = PBXFileReference; explicitFileType = wrapper.framework; path = Data.framework; sourceTree = BUILT_PRODUCTS_DIR; };
		F68037A225C51C3C00E32EBB /* MovieDBApp.app */ = {isa = PBXFileReference; explicitFileType = wrapper.application; includeInIndex = 0; path = MovieDBApp.app; sourceTree = BUILT_PRODUCTS_DIR; };
		F68037A525C51C3C00E32EBB /* AppDelegate.swift */ = {isa = PBXFileReference; lastKnownFileType = sourcecode.swift; path = AppDelegate.swift; sourceTree = "<group>"; };
		F68037A925C51C3C00E32EBB /* MovieListViewController.swift */ = {isa = PBXFileReference; lastKnownFileType = sourcecode.swift; path = MovieListViewController.swift; sourceTree = "<group>"; };
		F68037AC25C51C3C00E32EBB /* Base */ = {isa = PBXFileReference; lastKnownFileType = file.storyboard; name = Base; path = Base.lproj/Main.storyboard; sourceTree = "<group>"; };
		F68037AE25C51C4000E32EBB /* Assets.xcassets */ = {isa = PBXFileReference; lastKnownFileType = folder.assetcatalog; path = Assets.xcassets; sourceTree = "<group>"; };
		F68037B125C51C4000E32EBB /* Base */ = {isa = PBXFileReference; lastKnownFileType = file.storyboard; name = Base; path = Base.lproj/LaunchScreen.storyboard; sourceTree = "<group>"; };
		F68037B325C51C4000E32EBB /* Info.plist */ = {isa = PBXFileReference; lastKnownFileType = text.plist.xml; path = Info.plist; sourceTree = "<group>"; };
		F695637125C5A6F700EE93F2 /* MovieDetailViewController.swift */ = {isa = PBXFileReference; lastKnownFileType = sourcecode.swift; path = MovieDetailViewController.swift; sourceTree = "<group>"; };
		F695637625C5AED600EE93F2 /* MovieDetailViewModel.swift */ = {isa = PBXFileReference; lastKnownFileType = sourcecode.swift; path = MovieDetailViewModel.swift; sourceTree = "<group>"; };
		F69798E725C535D500953AEF /* Resources.bundle */ = {isa = PBXFileReference; lastKnownFileType = "wrapper.plug-in"; path = Resources.bundle; sourceTree = "<group>"; };
		F6AFB5B925C5249E00D28AA6 /* Core.framework */ = {isa = PBXFileReference; explicitFileType = wrapper.framework; path = Core.framework; sourceTree = BUILT_PRODUCTS_DIR; };
		F6E0524D25C58820008F0195 /* MovieCell.swift */ = {isa = PBXFileReference; lastKnownFileType = sourcecode.swift; path = MovieCell.swift; sourceTree = "<group>"; };
		F6E0524E25C58820008F0195 /* MovieCell.xib */ = {isa = PBXFileReference; lastKnownFileType = file.xib; path = MovieCell.xib; sourceTree = "<group>"; };
		F6E0525725C58B78008F0195 /* MovieListViewModel.swift */ = {isa = PBXFileReference; lastKnownFileType = sourcecode.swift; path = MovieListViewModel.swift; sourceTree = "<group>"; };
/* End PBXFileReference section */

/* Begin PBXFrameworksBuildPhase section */
		F680379F25C51C3C00E32EBB /* Frameworks */ = {
			isa = PBXFrameworksBuildPhase;
			buildActionMask = 2147483647;
			files = (
				F621C46825C526C400843346 /* Data.framework in Frameworks */,
				F621C44825C5264D00843346 /* Presentation.framework in Frameworks */,
				F6AFB5BA25C5249E00D28AA6 /* Core.framework in Frameworks */,
			);
			runOnlyForDeploymentPostprocessing = 0;
		};
/* End PBXFrameworksBuildPhase section */

/* Begin PBXGroup section */
		F680379925C51C3C00E32EBB = {
			isa = PBXGroup;
			children = (
				F68037A425C51C3C00E32EBB /* MovieDBApp */,
				F68037A325C51C3C00E32EBB /* Products */,
				F6AFB5B825C5249E00D28AA6 /* Frameworks */,
			);
			sourceTree = "<group>";
		};
		F68037A325C51C3C00E32EBB /* Products */ = {
			isa = PBXGroup;
			children = (
				F68037A225C51C3C00E32EBB /* MovieDBApp.app */,
			);
			name = Products;
			sourceTree = "<group>";
		};
		F68037A425C51C3C00E32EBB /* MovieDBApp */ = {
			isa = PBXGroup;
			children = (
				F68037A525C51C3C00E32EBB /* AppDelegate.swift */,
				F6E0525425C58B4B008F0195 /* Scenes */,
				F6E0524925C587EC008F0195 /* Views */,
				F69798E525C5356200953AEF /* Resources */,
				F695636D25C5A5B800EE93F2 /* Storyboards */,
			);
			path = MovieDBApp;
			sourceTree = "<group>";
		};
		F695636D25C5A5B800EE93F2 /* Storyboards */ = {
			isa = PBXGroup;
			children = (
				F68037B025C51C4000E32EBB /* LaunchScreen.storyboard */,
				F68037AB25C51C3C00E32EBB /* Main.storyboard */,
			);
			path = Storyboards;
			sourceTree = "<group>";
		};
		F695636F25C5A6D900EE93F2 /* MovieDetail */ = {
			isa = PBXGroup;
			children = (
				F695637525C5AEC200EE93F2 /* ViewModels */,
				F695637025C5A6E100EE93F2 /* ViewController */,
			);
			path = MovieDetail;
			sourceTree = "<group>";
		};
		F695637025C5A6E100EE93F2 /* ViewController */ = {
			isa = PBXGroup;
			children = (
				F695637125C5A6F700EE93F2 /* MovieDetailViewController.swift */,
			);
			path = ViewController;
			sourceTree = "<group>";
		};
		F695637525C5AEC200EE93F2 /* ViewModels */ = {
			isa = PBXGroup;
			children = (
				F695637625C5AED600EE93F2 /* MovieDetailViewModel.swift */,
			);
			path = ViewModels;
			sourceTree = "<group>";
		};
		F69798E525C5356200953AEF /* Resources */ = {
			isa = PBXGroup;
			children = (
				F68037B325C51C4000E32EBB /* Info.plist */,
				F68037AE25C51C4000E32EBB /* Assets.xcassets */,
				F69798E725C535D500953AEF /* Resources.bundle */,
			);
			path = Resources;
			sourceTree = "<group>";
		};
		F6AFB5B825C5249E00D28AA6 /* Frameworks */ = {
			isa = PBXGroup;
			children = (
				F621C46725C526C400843346 /* Data.framework */,
				F621C44725C5264D00843346 /* Presentation.framework */,
				F6AFB5B925C5249E00D28AA6 /* Core.framework */,
			);
			name = Frameworks;
			sourceTree = "<group>";
		};
		F6E0524925C587EC008F0195 /* Views */ = {
			isa = PBXGroup;
			children = (
				F6E0524A25C587F2008F0195 /* Cells */,
			);
			path = Views;
			sourceTree = "<group>";
		};
		F6E0524A25C587F2008F0195 /* Cells */ = {
			isa = PBXGroup;
			children = (
				F6E0524B25C587F7008F0195 /* Collection */,
			);
			path = Cells;
			sourceTree = "<group>";
		};
		F6E0524B25C587F7008F0195 /* Collection */ = {
			isa = PBXGroup;
			children = (
				F6E0524C25C587FF008F0195 /* MovieCell */,
			);
			path = Collection;
			sourceTree = "<group>";
		};
		F6E0524C25C587FF008F0195 /* MovieCell */ = {
			isa = PBXGroup;
			children = (
				F6E0524D25C58820008F0195 /* MovieCell.swift */,
				F6E0524E25C58820008F0195 /* MovieCell.xib */,
			);
			path = MovieCell;
			sourceTree = "<group>";
		};
		F6E0525425C58B4B008F0195 /* Scenes */ = {
			isa = PBXGroup;
			children = (
				F695636F25C5A6D900EE93F2 /* MovieDetail */,
				F6E0525525C58B5A008F0195 /* MovieList */,
			);
			path = Scenes;
			sourceTree = "<group>";
		};
		F6E0525525C58B5A008F0195 /* MovieList */ = {
			isa = PBXGroup;
			children = (
				F6E0525A25C58B7E008F0195 /* ViewModels */,
				F6E0525625C58B62008F0195 /* ViewControllers */,
			);
			path = MovieList;
			sourceTree = "<group>";
		};
		F6E0525625C58B62008F0195 /* ViewControllers */ = {
			isa = PBXGroup;
			children = (
				F68037A925C51C3C00E32EBB /* MovieListViewController.swift */,
			);
			path = ViewControllers;
			sourceTree = "<group>";
		};
		F6E0525A25C58B7E008F0195 /* ViewModels */ = {
			isa = PBXGroup;
			children = (
				F6E0525725C58B78008F0195 /* MovieListViewModel.swift */,
			);
			path = ViewModels;
			sourceTree = "<group>";
		};
/* End PBXGroup section */

/* Begin PBXNativeTarget section */
		F68037A125C51C3C00E32EBB /* MovieDBApp */ = {
			isa = PBXNativeTarget;
			buildConfigurationList = F68037B625C51C4000E32EBB /* Build configuration list for PBXNativeTarget "MovieDBApp" */;
			buildPhases = (
				F680379E25C51C3C00E32EBB /* Sources */,
				F680379F25C51C3C00E32EBB /* Frameworks */,
				F69798E425C5351900953AEF /* ShellScript */,
				F68037A025C51C3C00E32EBB /* Resources */,
			);
			buildRules = (
			);
			dependencies = (
			);
			name = MovieDBApp;
			productName = MovieDBApp;
			productReference = F68037A225C51C3C00E32EBB /* MovieDBApp.app */;
			productType = "com.apple.product-type.application";
		};
/* End PBXNativeTarget section */

/* Begin PBXProject section */
		F680379A25C51C3C00E32EBB /* Project object */ = {
			isa = PBXProject;
			attributes = {
				LastSwiftUpdateCheck = 1230;
				LastUpgradeCheck = 1230;
				TargetAttributes = {
					F68037A125C51C3C00E32EBB = {
						CreatedOnToolsVersion = 12.3;
					};
				};
			};
			buildConfigurationList = F680379D25C51C3C00E32EBB /* Build configuration list for PBXProject "MovieDBApp" */;
			compatibilityVersion = "Xcode 9.3";
			developmentRegion = en;
			hasScannedForEncodings = 0;
			knownRegions = (
				en,
				Base,
			);
			mainGroup = F680379925C51C3C00E32EBB;
			productRefGroup = F68037A325C51C3C00E32EBB /* Products */;
			projectDirPath = "";
			projectRoot = "";
			targets = (
				F68037A125C51C3C00E32EBB /* MovieDBApp */,
			);
		};
/* End PBXProject section */

/* Begin PBXResourcesBuildPhase section */
		F68037A025C51C3C00E32EBB /* Resources */ = {
			isa = PBXResourcesBuildPhase;
			buildActionMask = 2147483647;
			files = (
				F68037B225C51C4000E32EBB /* LaunchScreen.storyboard in Resources */,
				F68037AF25C51C4000E32EBB /* Assets.xcassets in Resources */,
				F68037AD25C51C3C00E32EBB /* Main.storyboard in Resources */,
				F69798E825C535D500953AEF /* Resources.bundle in Resources */,
				F6E0525025C58820008F0195 /* MovieCell.xib in Resources */,
			);
			runOnlyForDeploymentPostprocessing = 0;
		};
/* End PBXResourcesBuildPhase section */

/* Begin PBXShellScriptBuildPhase section */
		F69798E425C5351900953AEF /* ShellScript */ = {
			isa = PBXShellScriptBuildPhase;
			buildActionMask = 2147483647;
			files = (
			);
			inputFileListPaths = (
			);
			inputPaths = (
			);
			outputFileListPaths = (
			);
			outputPaths = (
			);
			runOnlyForDeploymentPostprocessing = 0;
			shellPath = /bin/sh;
			shellScript = "# Type a script or drag a script file from your workspace to insert its path.\ncp -r ${CONFIGURATION_BUILD_DIR}/Resources.bundle ${PROJECT_DIR}/MovieDBApp/Resources\n\necho \"resource bundle copied\"\n";
		};
/* End PBXShellScriptBuildPhase section */

/* Begin PBXSourcesBuildPhase section */
		F680379E25C51C3C00E32EBB /* Sources */ = {
			isa = PBXSourcesBuildPhase;
			buildActionMask = 2147483647;
			files = (
				F68037AA25C51C3C00E32EBB /* MovieListViewController.swift in Sources */,
				F695637225C5A6F700EE93F2 /* MovieDetailViewController.swift in Sources */,
				F695637725C5AED600EE93F2 /* MovieDetailViewModel.swift in Sources */,
				F68037A625C51C3C00E32EBB /* AppDelegate.swift in Sources */,
				F6E0524F25C58820008F0195 /* MovieCell.swift in Sources */,
				F6E0525825C58B78008F0195 /* MovieListViewModel.swift in Sources */,
			);
			runOnlyForDeploymentPostprocessing = 0;
		};
/* End PBXSourcesBuildPhase section */

/* Begin PBXVariantGroup section */
		F68037AB25C51C3C00E32EBB /* Main.storyboard */ = {
			isa = PBXVariantGroup;
			children = (
				F68037AC25C51C3C00E32EBB /* Base */,
			);
			name = Main.storyboard;
			sourceTree = "<group>";
		};
		F68037B025C51C4000E32EBB /* LaunchScreen.storyboard */ = {
			isa = PBXVariantGroup;
			children = (
				F68037B125C51C4000E32EBB /* Base */,
			);
			name = LaunchScreen.storyboard;
			sourceTree = "<group>";
		};
/* End PBXVariantGroup section */

/* Begin XCBuildConfiguration section */
		F68037B425C51C4000E32EBB /* Debug */ = {
			isa = XCBuildConfiguration;
			buildSettings = {
				ALWAYS_SEARCH_USER_PATHS = NO;
				CLANG_ANALYZER_NONNULL = YES;
				CLANG_ANALYZER_NUMBER_OBJECT_CONVERSION = YES_AGGRESSIVE;
				CLANG_CXX_LANGUAGE_STANDARD = "gnu++14";
				CLANG_CXX_LIBRARY = "libc++";
				CLANG_ENABLE_MODULES = YES;
				CLANG_ENABLE_OBJC_ARC = YES;
				CLANG_ENABLE_OBJC_WEAK = YES;
				CLANG_WARN_BLOCK_CAPTURE_AUTORELEASING = YES;
				CLANG_WARN_BOOL_CONVERSION = YES;
				CLANG_WARN_COMMA = YES;
				CLANG_WARN_CONSTANT_CONVERSION = YES;
				CLANG_WARN_DEPRECATED_OBJC_IMPLEMENTATIONS = YES;
				CLANG_WARN_DIRECT_OBJC_ISA_USAGE = YES_ERROR;
				CLANG_WARN_DOCUMENTATION_COMMENTS = YES;
				CLANG_WARN_EMPTY_BODY = YES;
				CLANG_WARN_ENUM_CONVERSION = YES;
				CLANG_WARN_INFINITE_RECURSION = YES;
				CLANG_WARN_INT_CONVERSION = YES;
				CLANG_WARN_NON_LITERAL_NULL_CONVERSION = YES;
				CLANG_WARN_OBJC_IMPLICIT_RETAIN_SELF = YES;
				CLANG_WARN_OBJC_LITERAL_CONVERSION = YES;
				CLANG_WARN_OBJC_ROOT_CLASS = YES_ERROR;
				CLANG_WARN_QUOTED_INCLUDE_IN_FRAMEWORK_HEADER = YES;
				CLANG_WARN_RANGE_LOOP_ANALYSIS = YES;
				CLANG_WARN_STRICT_PROTOTYPES = YES;
				CLANG_WARN_SUSPICIOUS_MOVE = YES;
				CLANG_WARN_UNGUARDED_AVAILABILITY = YES_AGGRESSIVE;
				CLANG_WARN_UNREACHABLE_CODE = YES;
				CLANG_WARN__DUPLICATE_METHOD_MATCH = YES;
				COPY_PHASE_STRIP = NO;
				DEBUG_INFORMATION_FORMAT = dwarf;
				ENABLE_STRICT_OBJC_MSGSEND = YES;
				ENABLE_TESTABILITY = YES;
				GCC_C_LANGUAGE_STANDARD = gnu11;
				GCC_DYNAMIC_NO_PIC = NO;
				GCC_NO_COMMON_BLOCKS = YES;
				GCC_OPTIMIZATION_LEVEL = 0;
				GCC_PREPROCESSOR_DEFINITIONS = (
					"DEBUG=1",
					"$(inherited)",
				);
				GCC_WARN_64_TO_32_BIT_CONVERSION = YES;
				GCC_WARN_ABOUT_RETURN_TYPE = YES_ERROR;
				GCC_WARN_UNDECLARED_SELECTOR = YES;
				GCC_WARN_UNINITIALIZED_AUTOS = YES_AGGRESSIVE;
				GCC_WARN_UNUSED_FUNCTION = YES;
				GCC_WARN_UNUSED_VARIABLE = YES;
				IPHONEOS_DEPLOYMENT_TARGET = 14.3;
				MTL_ENABLE_DEBUG_INFO = INCLUDE_SOURCE;
				MTL_FAST_MATH = YES;
				ONLY_ACTIVE_ARCH = YES;
				SDKROOT = iphoneos;
				SWIFT_ACTIVE_COMPILATION_CONDITIONS = DEBUG;
				SWIFT_OPTIMIZATION_LEVEL = "-Onone";
			};
			name = Debug;
		};
		F68037B525C51C4000E32EBB /* Release */ = {
			isa = XCBuildConfiguration;
			buildSettings = {
				ALWAYS_SEARCH_USER_PATHS = NO;
				CLANG_ANALYZER_NONNULL = YES;
				CLANG_ANALYZER_NUMBER_OBJECT_CONVERSION = YES_AGGRESSIVE;
				CLANG_CXX_LANGUAGE_STANDARD = "gnu++14";
				CLANG_CXX_LIBRARY = "libc++";
				CLANG_ENABLE_MODULES = YES;
				CLANG_ENABLE_OBJC_ARC = YES;
				CLANG_ENABLE_OBJC_WEAK = YES;
				CLANG_WARN_BLOCK_CAPTURE_AUTORELEASING = YES;
				CLANG_WARN_BOOL_CONVERSION = YES;
				CLANG_WARN_COMMA = YES;
				CLANG_WARN_CONSTANT_CONVERSION = YES;
				CLANG_WARN_DEPRECATED_OBJC_IMPLEMENTATIONS = YES;
				CLANG_WARN_DIRECT_OBJC_ISA_USAGE = YES_ERROR;
				CLANG_WARN_DOCUMENTATION_COMMENTS = YES;
				CLANG_WARN_EMPTY_BODY = YES;
				CLANG_WARN_ENUM_CONVERSION = YES;
				CLANG_WARN_INFINITE_RECURSION = YES;
				CLANG_WARN_INT_CONVERSION = YES;
				CLANG_WARN_NON_LITERAL_NULL_CONVERSION = YES;
				CLANG_WARN_OBJC_IMPLICIT_RETAIN_SELF = YES;
				CLANG_WARN_OBJC_LITERAL_CONVERSION = YES;
				CLANG_WARN_OBJC_ROOT_CLASS = YES_ERROR;
				CLANG_WARN_QUOTED_INCLUDE_IN_FRAMEWORK_HEADER = YES;
				CLANG_WARN_RANGE_LOOP_ANALYSIS = YES;
				CLANG_WARN_STRICT_PROTOTYPES = YES;
				CLANG_WARN_SUSPICIOUS_MOVE = YES;
				CLANG_WARN_UNGUARDED_AVAILABILITY = YES_AGGRESSIVE;
				CLANG_WARN_UNREACHABLE_CODE = YES;
				CLANG_WARN__DUPLICATE_METHOD_MATCH = YES;
				COPY_PHASE_STRIP = NO;
				DEBUG_INFORMATION_FORMAT = "dwarf-with-dsym";
				ENABLE_NS_ASSERTIONS = NO;
				ENABLE_STRICT_OBJC_MSGSEND = YES;
				GCC_C_LANGUAGE_STANDARD = gnu11;
				GCC_NO_COMMON_BLOCKS = YES;
				GCC_WARN_64_TO_32_BIT_CONVERSION = YES;
				GCC_WARN_ABOUT_RETURN_TYPE = YES_ERROR;
				GCC_WARN_UNDECLARED_SELECTOR = YES;
				GCC_WARN_UNINITIALIZED_AUTOS = YES_AGGRESSIVE;
				GCC_WARN_UNUSED_FUNCTION = YES;
				GCC_WARN_UNUSED_VARIABLE = YES;
				IPHONEOS_DEPLOYMENT_TARGET = 14.3;
				MTL_ENABLE_DEBUG_INFO = NO;
				MTL_FAST_MATH = YES;
				SDKROOT = iphoneos;
				SWIFT_COMPILATION_MODE = wholemodule;
				SWIFT_OPTIMIZATION_LEVEL = "-O";
				VALIDATE_PRODUCT = YES;
			};
			name = Release;
		};
		F68037B725C51C4000E32EBB /* Debug */ = {
			isa = XCBuildConfiguration;
			buildSettings = {
				ASSETCATALOG_COMPILER_APPICON_NAME = AppIcon;
				ASSETCATALOG_COMPILER_GLOBAL_ACCENT_COLOR_NAME = AccentColor;
				CODE_SIGN_STYLE = Automatic;
				INFOPLIST_FILE = MovieDBApp/Resources/Info.plist;
				LD_RUNPATH_SEARCH_PATHS = (
					"$(inherited)",
					"@executable_path/Frameworks",
				);
				PRODUCT_BUNDLE_IDENTIFIER = tr.com.ukocaman.MovieDBApp;
				PRODUCT_NAME = "$(TARGET_NAME)";
				SWIFT_VERSION = 5.0;
				TARGETED_DEVICE_FAMILY = "1,2";
			};
			name = Debug;
		};
		F68037B825C51C4000E32EBB /* Release */ = {
			isa = XCBuildConfiguration;
			buildSettings = {
				ASSETCATALOG_COMPILER_APPICON_NAME = AppIcon;
				ASSETCATALOG_COMPILER_GLOBAL_ACCENT_COLOR_NAME = AccentColor;
				CODE_SIGN_STYLE = Automatic;
				INFOPLIST_FILE = MovieDBApp/Resources/Info.plist;
				LD_RUNPATH_SEARCH_PATHS = (
					"$(inherited)",
					"@executable_path/Frameworks",
				);
				PRODUCT_BUNDLE_IDENTIFIER = tr.com.ukocaman.MovieDBApp;
				PRODUCT_NAME = "$(TARGET_NAME)";
				SWIFT_VERSION = 5.0;
				TARGETED_DEVICE_FAMILY = "1,2";
			};
			name = Release;
		};
/* End XCBuildConfiguration section */

/* Begin XCConfigurationList section */
		F680379D25C51C3C00E32EBB /* Build configuration list for PBXProject "MovieDBApp" */ = {
			isa = XCConfigurationList;
			buildConfigurations = (
				F68037B425C51C4000E32EBB /* Debug */,
				F68037B525C51C4000E32EBB /* Release */,
			);
			defaultConfigurationIsVisible = 0;
			defaultConfigurationName = Release;
		};
		F68037B625C51C4000E32EBB /* Build configuration list for PBXNativeTarget "MovieDBApp" */ = {
			isa = XCConfigurationList;
			buildConfigurations = (
				F68037B725C51C4000E32EBB /* Debug */,
				F68037B825C51C4000E32EBB /* Release */,
			);
			defaultConfigurationIsVisible = 0;
			defaultConfigurationName = Release;
		};
/* End XCConfigurationList section */
	};
	rootObject = F680379A25C51C3C00E32EBB /* Project object */;
}
